
Microsoft Visual Studio Solution File, Format Version 12.00
# Visual Studio 14
VisualStudioVersion = 14.0.25123.0
MinimumVisualStudioVersion = 10.0.40219.1
Project("{25D6EB09-3996-4A2A-9459-624565867E2D}") = "Sitecore.Support.12201", "Sitecore.Support.12201\Sitecore.Support.12201.csproj", "{4CAE65E4-B4D9-4B5A-BCFD-8060342BC1D1}"
EndProject
Global
	GlobalSection(SolutionConfigurationPlatforms) = preSolution
		Debug|Any CPU = Debug|Any CPU
		Release|Any CPU = Release|Any CPU
	EndGlobalSection
	GlobalSection(ProjectConfigurationPlatforms) = postSolution
		{4CAE65E4-B4D9-4B5A-BCFD-8060342BC1D1}.Debug|Any CPU.ActiveCfg = Debug|Any CPU
		{4CAE65E4-B4D9-4B5A-BCFD-8060342BC1D1}.Debug|Any CPU.Build.0 = Debug|Any CPU
		{4CAE65E4-B4D9-4B5A-BCFD-8060342BC1D1}.Release|Any CPU.ActiveCfg = Release|Any CPU
		{4CAE65E4-B4D9-4B5A-BCFD-8060342BC1D1}.Release|Any CPU.Build.0 = Release|Any CPU
	EndGlobalSection
	GlobalSection(SolutionProperties) = preSolution
		HideSolutionNode = FALSE
	EndGlobalSection
EndGlobal
